{
  "originHash" : "bcddd964184ce8f0fcc4bc332c7cd5b858e1f5e1f1bbd96b84ca9a9fc8d46ac0",
  "pins" : [
    {
      "identity" : "nucleantvulkan",
      "kind" : "remoteSourceControl",
      "location" : "https://github.com/NucleantUI/NucleantVulkan",
      "state" : {
        "branch" : "master",
        "revision" : "d73fbb51a8bd37223507dc936f417b5e9cee1d0d"
      }
    },
    {
      "identity" : "sulphurgeometry",
      "kind" : "remoteSourceControl",
      "location" : "https://github.com/NucleantUI/SulphurGeometry",
      "state" : {
        "branch" : "init_upload",
        "revision" : "4ed1341820364d5223469ca201ffcce48b901d2b"
      }
    }
  ],
  "version" : 3
}
